# This file is automatically @generated by Poetry 1.8.3 and should not be changed by hand.

[[package]]
name = "supersaas-api-client"
version = "2.0.1"
description = "Online bookings/appointments/calendars using the SuperSaaS scheduling platform  - https://supersaas.com"
optional = false
python-versions = ">=3.8"
files = [
    {file = "supersaas_api_client-2.0.1-py2.py3-none-any.whl", hash = "sha256:62c87e5cdbf672d5949e4b4b2ac475ae96dd59c6f625b47a02829201e18c62a3"},
    {file = "supersaas_api_client-2.0.1.tar.gz", hash = "sha256:882ce9dfcdef0d5f849d3ad9e9b31273f9355fc89645f25202fcc6d3ad3300c0"},
]

[metadata]
lock-version = "2.0"
python-versions = "^3.11"
content-hash = "d183a91b1281b20088f5f432db621e17359404e007c5578da9c9fdc023953c3b"
